DEPENDENCIES
  rmit-combined
    path: .
    metadata: true
  stop-services
    path: ../stop-services

GRAPH
  apt (6.0.1)
  build-essential (8.0.0)
    mingw (>= 1.1)
    seven_zip (>= 0.0.0)
  cwb (0.1.3)
  mingw (2.0.0)
    seven_zip (>= 0.0.0)
  ohai (5.0.2)
  rmit-combined (0.1.4)
    apt (~> 6.0.1)
    build-essential (~> 8.0.0)
    cwb (~> 0.1.0)
    stop-services (~> 0.1.0)
  seven_zip (2.0.2)
    windows (>= 1.2.2)
  stop-services (0.1.0)
  windows (3.0.2)
    ohai (>= 4.0.0)
